
Microsoft Visual Studio Solution File, Format Version 12.00
# Visual Studio Version 16
VisualStudioVersion = 16.0.32002.261
MinimumVisualStudioVersion = 10.0.40219.1
Project("{8BC9CEB8-8B4A-11D0-8D11-00A0C91BC942}") = "Week05", "Week05\Week05.vcxproj", "{CD1823B9-D433-4362-BC90-70947475D7C3}"
EndProject
Project("{8BC9CEB8-8B4A-11D0-8D11-00A0C91BC942}") = "Tutorial4", "Tutorial4\Tutorial4.vcxproj", "{8D7D68C0-32F5-4AB2-8CED-47840A2DB6A8}"
EndProject
Project("{8BC9CEB8-8B4A-11D0-8D11-00A0C91BC942}") = "Tutorial5", "Tutorial5\Tutorial5.vcxproj", "{65A262FC-56DB-43E3-BE29-AE4621F209A5}"
EndProject
Project("{8BC9CEB8-8B4A-11D0-8D11-00A0C91BC942}") = "Tutorial6", "Tutorial6\Tutorial6.vcxproj", "{8B69B472-6437-4361-AC8E-BB073221D6C9}"
EndProject
Project("{8BC9CEB8-8B4A-11D0-8D11-00A0C91BC942}") = "Tutorial7", "Tutorial7\Tutorial7.vcxproj", "{73C08AFC-6FEF-43C8-A0A9-2403BE1D4DBB}"
EndProject
Project("{8BC9CEB8-8B4A-11D0-8D11-00A0C91BC942}") = "Tutorial8", "Tutorial8\Tutorial8.vcxproj", "{39646244-ED62-4A69-9B37-00B0F0927E5C}"
EndProject
Project("{8BC9CEB8-8B4A-11D0-8D11-00A0C91BC942}") = "Tutorial9", "Tutorial9\Tutorial9.vcxproj", "{5C79A939-A5EA-474D-8D09-E9F0854C58A3}"
EndProject
Project("{8BC9CEB8-8B4A-11D0-8D11-00A0C91BC942}") = "Tutorial10", "Tutorial10\Tutorial10.vcxproj", "{32B82E2C-9580-477E-A80A-D0DBB00491FE}"
EndProject
Project("{8BC9CEB8-8B4A-11D0-8D11-00A0C91BC942}") = "Tutorial11", "Tutorial11\Tutorial11.vcxproj", "{BCFE59C7-9C19-47AF-B8BA-EC9BEC7EBFB6}"
EndProject
Project("{8BC9CEB8-8B4A-11D0-8D11-00A0C91BC942}") = "Tutorial12", "Tutorial12\Tutorial12.vcxproj", "{1A3224D5-0A99-4D46-B5CC-491639547EDD}"
EndProject
Project("{8BC9CEB8-8B4A-11D0-8D11-00A0C91BC942}") = "Tutorial13", "Tutorial13\Tutorial13.vcxproj", "{FCCC5C28-ACCD-43D8-A1BA-48C40EA4E369}"
EndProject
Project("{8BC9CEB8-8B4A-11D0-8D11-00A0C91BC942}") = "Tutorial14", "Tutorial14\Tutorial14.vcxproj", "{78BE4DD3-4F09-48FF-B954-13DE2C609EB3}"
EndProject
Project("{8BC9CEB8-8B4A-11D0-8D11-00A0C91BC942}") = "Tutorial15", "Tutorial15\Tutorial15.vcxproj", "{193088B9-AAEC-486C-B5D7-58DF73F15256}"
EndProject
Project("{8BC9CEB8-8B4A-11D0-8D11-00A0C91BC942}") = "Tutorial16", "Tutorial16\Tutorial16.vcxproj", "{347CA8CA-74A4-462C-846E-DDE6D3849299}"
EndProject
Project("{8BC9CEB8-8B4A-11D0-8D11-00A0C91BC942}") = "Tutorial17", "Tutorial17\Tutorial17.vcxproj", "{AED16CFE-5A99-465D-B77B-098353DCAC33}"
EndProject
Project("{8BC9CEB8-8B4A-11D0-8D11-00A0C91BC942}") = "Tutorial18", "Tutorial18\Tutorial18.vcxproj", "{023E9CBF-7228-4917-A755-C262D83B8CAC}"
EndProject
Project("{8BC9CEB8-8B4A-11D0-8D11-00A0C91BC942}") = "Tutorial19", "Tutorial19\Tutorial19.vcxproj", "{065AAD5B-A3B6-4108-9EEB-3A67917B8E14}"
EndProject
Project("{8BC9CEB8-8B4A-11D0-8D11-00A0C91BC942}") = "Tutorial20", "Tutorial20\Tutorial20.vcxproj", "{0D7BAB6A-36F7-4298-90FD-2096F40D6137}"
EndProject
Project("{8BC9CEB8-8B4A-11D0-8D11-00A0C91BC942}") = "Tutorial21", "Tutorial21\Tutorial21.vcxproj", "{5E709AFE-5843-4DBD-9ECF-311BADAE8B3A}"
EndProject
Project("{8BC9CEB8-8B4A-11D0-8D11-00A0C91BC942}") = "Tutorial22", "Tutorial22\Tutorial22.vcxproj", "{ECB6D0A2-3039-4015-A8B2-3192DD96C53F}"
EndProject
Project("{8BC9CEB8-8B4A-11D0-8D11-00A0C91BC942}") = "Tutorial24", "Tutorial24\Tutorial24.vcxproj", "{F0B2B49C-27EF-415B-80FE-80D6F79F9760}"
EndProject
Global
	GlobalSection(SolutionConfigurationPlatforms) = preSolution
		Debug|x64 = Debug|x64
		Debug|x86 = Debug|x86
		Release|x64 = Release|x64
		Release|x86 = Release|x86
	EndGlobalSection
	GlobalSection(ProjectConfigurationPlatforms) = postSolution
		{CD1823B9-D433-4362-BC90-70947475D7C3}.Debug|x64.ActiveCfg = Debug|x64
		{CD1823B9-D433-4362-BC90-70947475D7C3}.Debug|x64.Build.0 = Debug|x64
		{CD1823B9-D433-4362-BC90-70947475D7C3}.Debug|x86.ActiveCfg = Debug|Win32
		{CD1823B9-D433-4362-BC90-70947475D7C3}.Debug|x86.Build.0 = Debug|Win32
		{CD1823B9-D433-4362-BC90-70947475D7C3}.Release|x64.ActiveCfg = Release|x64
		{CD1823B9-D433-4362-BC90-70947475D7C3}.Release|x64.Build.0 = Release|x64
		{CD1823B9-D433-4362-BC90-70947475D7C3}.Release|x86.ActiveCfg = Release|Win32
		{CD1823B9-D433-4362-BC90-70947475D7C3}.Release|x86.Build.0 = Release|Win32
		{8D7D68C0-32F5-4AB2-8CED-47840A2DB6A8}.Debug|x64.ActiveCfg = Debug|x64
		{8D7D68C0-32F5-4AB2-8CED-47840A2DB6A8}.Debug|x64.Build.0 = Debug|x64
		{8D7D68C0-32F5-4AB2-8CED-47840A2DB6A8}.Debug|x86.ActiveCfg = Debug|Win32
		{8D7D68C0-32F5-4AB2-8CED-47840A2DB6A8}.Debug|x86.Build.0 = Debug|Win32
		{8D7D68C0-32F5-4AB2-8CED-47840A2DB6A8}.Release|x64.ActiveCfg = Release|x64
		{8D7D68C0-32F5-4AB2-8CED-47840A2DB6A8}.Release|x64.Build.0 = Release|x64
		{8D7D68C0-32F5-4AB2-8CED-47840A2DB6A8}.Release|x86.ActiveCfg = Release|Win32
		{8D7D68C0-32F5-4AB2-8CED-47840A2DB6A8}.Release|x86.Build.0 = Release|Win32
		{65A262FC-56DB-43E3-BE29-AE4621F209A5}.Debug|x64.ActiveCfg = Debug|x64
		{65A262FC-56DB-43E3-BE29-AE4621F209A5}.Debug|x64.Build.0 = Debug|x64
		{65A262FC-56DB-43E3-BE29-AE4621F209A5}.Debug|x86.ActiveCfg = Debug|Win32
		{65A262FC-56DB-43E3-BE29-AE4621F209A5}.Debug|x86.Build.0 = Debug|Win32
		{65A262FC-56DB-43E3-BE29-AE4621F209A5}.Release|x64.ActiveCfg = Release|x64
		{65A262FC-56DB-43E3-BE29-AE4621F209A5}.Release|x64.Build.0 = Release|x64
		{65A262FC-56DB-43E3-BE29-AE4621F209A5}.Release|x86.ActiveCfg = Release|Win32
		{65A262FC-56DB-43E3-BE29-AE4621F209A5}.Release|x86.Build.0 = Release|Win32
		{8B69B472-6437-4361-AC8E-BB073221D6C9}.Debug|x64.ActiveCfg = Debug|x64
		{8B69B472-6437-4361-AC8E-BB073221D6C9}.Debug|x64.Build.0 = Debug|x64
		{8B69B472-6437-4361-AC8E-BB073221D6C9}.Debug|x86.ActiveCfg = Debug|Win32
		{8B69B472-6437-4361-AC8E-BB073221D6C9}.Debug|x86.Build.0 = Debug|Win32
		{8B69B472-6437-4361-AC8E-BB073221D6C9}.Release|x64.ActiveCfg = Release|x64
		{8B69B472-6437-4361-AC8E-BB073221D6C9}.Release|x64.Build.0 = Release|x64
		{8B69B472-6437-4361-AC8E-BB073221D6C9}.Release|x86.ActiveCfg = Release|Win32
		{8B69B472-6437-4361-AC8E-BB073221D6C9}.Release|x86.Build.0 = Release|Win32
		{73C08AFC-6FEF-43C8-A0A9-2403BE1D4DBB}.Debug|x64.ActiveCfg = Debug|x64
		{73C08AFC-6FEF-43C8-A0A9-2403BE1D4DBB}.Debug|x64.Build.0 = Debug|x64
		{73C08AFC-6FEF-43C8-A0A9-2403BE1D4DBB}.Debug|x86.ActiveCfg = Debug|Win32
		{73C08AFC-6FEF-43C8-A0A9-2403BE1D4DBB}.Debug|x86.Build.0 = Debug|Win32
		{73C08AFC-6FEF-43C8-A0A9-2403BE1D4DBB}.Release|x64.ActiveCfg = Release|x64
		{73C08AFC-6FEF-43C8-A0A9-2403BE1D4DBB}.Release|x64.Build.0 = Release|x64
		{73C08AFC-6FEF-43C8-A0A9-2403BE1D4DBB}.Release|x86.ActiveCfg = Release|Win32
		{73C08AFC-6FEF-43C8-A0A9-2403BE1D4DBB}.Release|x86.Build.0 = Release|Win32
		{39646244-ED62-4A69-9B37-00B0F0927E5C}.Debug|x64.ActiveCfg = Debug|x64
		{39646244-ED62-4A69-9B37-00B0F0927E5C}.Debug|x64.Build.0 = Debug|x64
		{39646244-ED62-4A69-9B37-00B0F0927E5C}.Debug|x86.ActiveCfg = Debug|Win32
		{39646244-ED62-4A69-9B37-00B0F0927E5C}.Debug|x86.Build.0 = Debug|Win32
		{39646244-ED62-4A69-9B37-00B0F0927E5C}.Release|x64.ActiveCfg = Release|x64
		{39646244-ED62-4A69-9B37-00B0F0927E5C}.Release|x64.Build.0 = Release|x64
		{39646244-ED62-4A69-9B37-00B0F0927E5C}.Release|x86.ActiveCfg = Release|Win32
		{39646244-ED62-4A69-9B37-00B0F0927E5C}.Release|x86.Build.0 = Release|Win32
		{5C79A939-A5EA-474D-8D09-E9F0854C58A3}.Debug|x64.ActiveCfg = Debug|x64
		{5C79A939-A5EA-474D-8D09-E9F0854C58A3}.Debug|x64.Build.0 = Debug|x64
		{5C79A939-A5EA-474D-8D09-E9F0854C58A3}.Debug|x86.ActiveCfg = Debug|Win32
		{5C79A939-A5EA-474D-8D09-E9F0854C58A3}.Debug|x86.Build.0 = Debug|Win32
		{5C79A939-A5EA-474D-8D09-E9F0854C58A3}.Release|x64.ActiveCfg = Release|x64
		{5C79A939-A5EA-474D-8D09-E9F0854C58A3}.Release|x64.Build.0 = Release|x64
		{5C79A939-A5EA-474D-8D09-E9F0854C58A3}.Release|x86.ActiveCfg = Release|Win32
		{5C79A939-A5EA-474D-8D09-E9F0854C58A3}.Release|x86.Build.0 = Release|Win32
		{32B82E2C-9580-477E-A80A-D0DBB00491FE}.Debug|x64.ActiveCfg = Debug|x64
		{32B82E2C-9580-477E-A80A-D0DBB00491FE}.Debug|x64.Build.0 = Debug|x64
		{32B82E2C-9580-477E-A80A-D0DBB00491FE}.Debug|x86.ActiveCfg = Debug|Win32
		{32B82E2C-9580-477E-A80A-D0DBB00491FE}.Debug|x86.Build.0 = Debug|Win32
		{32B82E2C-9580-477E-A80A-D0DBB00491FE}.Release|x64.ActiveCfg = Release|x64
		{32B82E2C-9580-477E-A80A-D0DBB00491FE}.Release|x64.Build.0 = Release|x64
		{32B82E2C-9580-477E-A80A-D0DBB00491FE}.Release|x86.ActiveCfg = Release|Win32
		{32B82E2C-9580-477E-A80A-D0DBB00491FE}.Release|x86.Build.0 = Release|Win32
		{BCFE59C7-9C19-47AF-B8BA-EC9BEC7EBFB6}.Debug|x64.ActiveCfg = Debug|x64
		{BCFE59C7-9C19-47AF-B8BA-EC9BEC7EBFB6}.Debug|x64.Build.0 = Debug|x64
		{BCFE59C7-9C19-47AF-B8BA-EC9BEC7EBFB6}.Debug|x86.ActiveCfg = Debug|Win32
		{BCFE59C7-9C19-47AF-B8BA-EC9BEC7EBFB6}.Debug|x86.Build.0 = Debug|Win32
		{BCFE59C7-9C19-47AF-B8BA-EC9BEC7EBFB6}.Release|x64.ActiveCfg = Release|x64
		{BCFE59C7-9C19-47AF-B8BA-EC9BEC7EBFB6}.Release|x64.Build.0 = Release|x64
		{BCFE59C7-9C19-47AF-B8BA-EC9BEC7EBFB6}.Release|x86.ActiveCfg = Release|Win32
		{BCFE59C7-9C19-47AF-B8BA-EC9BEC7EBFB6}.Release|x86.Build.0 = Release|Win32
		{1A3224D5-0A99-4D46-B5CC-491639547EDD}.Debug|x64.ActiveCfg = Debug|x64
		{1A3224D5-0A99-4D46-B5CC-491639547EDD}.Debug|x64.Build.0 = Debug|x64
		{1A3224D5-0A99-4D46-B5CC-491639547EDD}.Debug|x86.ActiveCfg = Debug|Win32
		{1A3224D5-0A99-4D46-B5CC-491639547EDD}.Debug|x86.Build.0 = Debug|Win32
		{1A3224D5-0A99-4D46-B5CC-491639547EDD}.Release|x64.ActiveCfg = Release|x64
		{1A3224D5-0A99-4D46-B5CC-491639547EDD}.Release|x64.Build.0 = Release|x64
		{1A3224D5-0A99-4D46-B5CC-491639547EDD}.Release|x86.ActiveCfg = Release|Win32
		{1A3224D5-0A99-4D46-B5CC-491639547EDD}.Release|x86.Build.0 = Release|Win32
		{FCCC5C28-ACCD-43D8-A1BA-48C40EA4E369}.Debug|x64.ActiveCfg = Debug|x64
		{FCCC5C28-ACCD-43D8-A1BA-48C40EA4E369}.Debug|x64.Build.0 = Debug|x64
		{FCCC5C28-ACCD-43D8-A1BA-48C40EA4E369}.Debug|x86.ActiveCfg = Debug|Win32
		{FCCC5C28-ACCD-43D8-A1BA-48C40EA4E369}.Debug|x86.Build.0 = Debug|Win32
		{FCCC5C28-ACCD-43D8-A1BA-48C40EA4E369}.Release|x64.ActiveCfg = Release|x64
		{FCCC5C28-ACCD-43D8-A1BA-48C40EA4E369}.Release|x64.Build.0 = Release|x64
		{FCCC5C28-ACCD-43D8-A1BA-48C40EA4E369}.Release|x86.ActiveCfg = Release|Win32
		{FCCC5C28-ACCD-43D8-A1BA-48C40EA4E369}.Release|x86.Build.0 = Release|Win32
		{78BE4DD3-4F09-48FF-B954-13DE2C609EB3}.Debug|x64.ActiveCfg = Debug|x64
		{78BE4DD3-4F09-48FF-B954-13DE2C609EB3}.Debug|x64.Build.0 = Debug|x64
		{78BE4DD3-4F09-48FF-B954-13DE2C609EB3}.Debug|x86.ActiveCfg = Debug|Win32
		{78BE4DD3-4F09-48FF-B954-13DE2C609EB3}.Debug|x86.Build.0 = Debug|Win32
		{78BE4DD3-4F09-48FF-B954-13DE2C609EB3}.Release|x64.ActiveCfg = Release|x64
		{78BE4DD3-4F09-48FF-B954-13DE2C609EB3}.Release|x64.Build.0 = Release|x64
		{78BE4DD3-4F09-48FF-B954-13DE2C609EB3}.Release|x86.ActiveCfg = Release|Win32
		{78BE4DD3-4F09-48FF-B954-13DE2C609EB3}.Release|x86.Build.0 = Release|Win32
		{193088B9-AAEC-486C-B5D7-58DF73F15256}.Debug|x64.ActiveCfg = Debug|x64
		{193088B9-AAEC-486C-B5D7-58DF73F15256}.Debug|x64.Build.0 = Debug|x64
		{193088B9-AAEC-486C-B5D7-58DF73F15256}.Debug|x86.ActiveCfg = Debug|Win32
		{193088B9-AAEC-486C-B5D7-58DF73F15256}.Debug|x86.Build.0 = Debug|Win32
		{193088B9-AAEC-486C-B5D7-58DF73F15256}.Release|x64.ActiveCfg = Release|x64
		{193088B9-AAEC-486C-B5D7-58DF73F15256}.Release|x64.Build.0 = Release|x64
		{193088B9-AAEC-486C-B5D7-58DF73F15256}.Release|x86.ActiveCfg = Release|Win32
		{193088B9-AAEC-486C-B5D7-58DF73F15256}.Release|x86.Build.0 = Release|Win32
		{347CA8CA-74A4-462C-846E-DDE6D3849299}.Debug|x64.ActiveCfg = Debug|x64
		{347CA8CA-74A4-462C-846E-DDE6D3849299}.Debug|x64.Build.0 = Debug|x64
		{347CA8CA-74A4-462C-846E-DDE6D3849299}.Debug|x86.ActiveCfg = Debug|Win32
		{347CA8CA-74A4-462C-846E-DDE6D3849299}.Debug|x86.Build.0 = Debug|Win32
		{347CA8CA-74A4-462C-846E-DDE6D3849299}.Release|x64.ActiveCfg = Release|x64
		{347CA8CA-74A4-462C-846E-DDE6D3849299}.Release|x64.Build.0 = Release|x64
		{347CA8CA-74A4-462C-846E-DDE6D3849299}.Release|x86.ActiveCfg = Release|Win32
		{347CA8CA-74A4-462C-846E-DDE6D3849299}.Release|x86.Build.0 = Release|Win32
		{AED16CFE-5A99-465D-B77B-098353DCAC33}.Debug|x64.ActiveCfg = Debug|x64
		{AED16CFE-5A99-465D-B77B-098353DCAC33}.Debug|x64.Build.0 = Debug|x64
		{AED16CFE-5A99-465D-B77B-098353DCAC33}.Debug|x86.ActiveCfg = Debug|Win32
		{AED16CFE-5A99-465D-B77B-098353DCAC33}.Debug|x86.Build.0 = Debug|Win32
		{AED16CFE-5A99-465D-B77B-098353DCAC33}.Release|x64.ActiveCfg = Release|x64
		{AED16CFE-5A99-465D-B77B-098353DCAC33}.Release|x64.Build.0 = Release|x64
		{AED16CFE-5A99-465D-B77B-098353DCAC33}.Release|x86.ActiveCfg = Release|Win32
		{AED16CFE-5A99-465D-B77B-098353DCAC33}.Release|x86.Build.0 = Release|Win32
		{023E9CBF-7228-4917-A755-C262D83B8CAC}.Debug|x64.ActiveCfg = Debug|x64
		{023E9CBF-7228-4917-A755-C262D83B8CAC}.Debug|x64.Build.0 = Debug|x64
		{023E9CBF-7228-4917-A755-C262D83B8CAC}.Debug|x86.ActiveCfg = Debug|Win32
		{023E9CBF-7228-4917-A755-C262D83B8CAC}.Debug|x86.Build.0 = Debug|Win32
		{023E9CBF-7228-4917-A755-C262D83B8CAC}.Release|x64.ActiveCfg = Release|x64
		{023E9CBF-7228-4917-A755-C262D83B8CAC}.Release|x64.Build.0 = Release|x64
		{023E9CBF-7228-4917-A755-C262D83B8CAC}.Release|x86.ActiveCfg = Release|Win32
		{023E9CBF-7228-4917-A755-C262D83B8CAC}.Release|x86.Build.0 = Release|Win32
		{065AAD5B-A3B6-4108-9EEB-3A67917B8E14}.Debug|x64.ActiveCfg = Debug|x64
		{065AAD5B-A3B6-4108-9EEB-3A67917B8E14}.Debug|x64.Build.0 = Debug|x64
		{065AAD5B-A3B6-4108-9EEB-3A67917B8E14}.Debug|x86.ActiveCfg = Debug|Win32
		{065AAD5B-A3B6-4108-9EEB-3A67917B8E14}.Debug|x86.Build.0 = Debug|Win32
		{065AAD5B-A3B6-4108-9EEB-3A67917B8E14}.Release|x64.ActiveCfg = Release|x64
		{065AAD5B-A3B6-4108-9EEB-3A67917B8E14}.Release|x64.Build.0 = Release|x64
		{065AAD5B-A3B6-4108-9EEB-3A67917B8E14}.Release|x86.ActiveCfg = Release|Win32
		{065AAD5B-A3B6-4108-9EEB-3A67917B8E14}.Release|x86.Build.0 = Release|Win32
		{0D7BAB6A-36F7-4298-90FD-2096F40D6137}.Debug|x64.ActiveCfg = Debug|x64
		{0D7BAB6A-36F7-4298-90FD-2096F40D6137}.Debug|x64.Build.0 = Debug|x64
		{0D7BAB6A-36F7-4298-90FD-2096F40D6137}.Debug|x86.ActiveCfg = Debug|Win32
		{0D7BAB6A-36F7-4298-90FD-2096F40D6137}.Debug|x86.Build.0 = Debug|Win32
		{0D7BAB6A-36F7-4298-90FD-2096F40D6137}.Release|x64.ActiveCfg = Release|x64
		{0D7BAB6A-36F7-4298-90FD-2096F40D6137}.Release|x64.Build.0 = Release|x64
		{0D7BAB6A-36F7-4298-90FD-2096F40D6137}.Release|x86.ActiveCfg = Release|Win32
		{0D7BAB6A-36F7-4298-90FD-2096F40D6137}.Release|x86.Build.0 = Release|Win32
		{5E709AFE-5843-4DBD-9ECF-311BADAE8B3A}.Debug|x64.ActiveCfg = Debug|x64
		{5E709AFE-5843-4DBD-9ECF-311BADAE8B3A}.Debug|x64.Build.0 = Debug|x64
		{5E709AFE-5843-4DBD-9ECF-311BADAE8B3A}.Debug|x86.ActiveCfg = Debug|Win32
		{5E709AFE-5843-4DBD-9ECF-311BADAE8B3A}.Debug|x86.Build.0 = Debug|Win32
		{5E709AFE-5843-4DBD-9ECF-311BADAE8B3A}.Release|x64.ActiveCfg = Release|x64
		{5E709AFE-5843-4DBD-9ECF-311BADAE8B3A}.Release|x64.Build.0 = Release|x64
		{5E709AFE-5843-4DBD-9ECF-311BADAE8B3A}.Release|x86.ActiveCfg = Release|Win32
		{5E709AFE-5843-4DBD-9ECF-311BADAE8B3A}.Release|x86.Build.0 = Release|Win32
		{ECB6D0A2-3039-4015-A8B2-3192DD96C53F}.Debug|x64.ActiveCfg = Debug|x64
		{ECB6D0A2-3039-4015-A8B2-3192DD96C53F}.Debug|x64.Build.0 = Debug|x64
		{ECB6D0A2-3039-4015-A8B2-3192DD96C53F}.Debug|x86.ActiveCfg = Debug|Win32
		{ECB6D0A2-3039-4015-A8B2-3192DD96C53F}.Debug|x86.Build.0 = Debug|Win32
		{ECB6D0A2-3039-4015-A8B2-3192DD96C53F}.Release|x64.ActiveCfg = Release|x64
		{ECB6D0A2-3039-4015-A8B2-3192DD96C53F}.Release|x64.Build.0 = Release|x64
		{ECB6D0A2-3039-4015-A8B2-3192DD96C53F}.Release|x86.ActiveCfg = Release|Win32
		{ECB6D0A2-3039-4015-A8B2-3192DD96C53F}.Release|x86.Build.0 = Release|Win32
		{F0B2B49C-27EF-415B-80FE-80D6F79F9760}.Debug|x64.ActiveCfg = Debug|x64
		{F0B2B49C-27EF-415B-80FE-80D6F79F9760}.Debug|x64.Build.0 = Debug|x64
		{F0B2B49C-27EF-415B-80FE-80D6F79F9760}.Debug|x86.ActiveCfg = Debug|Win32
		{F0B2B49C-27EF-415B-80FE-80D6F79F9760}.Debug|x86.Build.0 = Debug|Win32
		{F0B2B49C-27EF-415B-80FE-80D6F79F9760}.Release|x64.ActiveCfg = Release|x64
		{F0B2B49C-27EF-415B-80FE-80D6F79F9760}.Release|x64.Build.0 = Release|x64
		{F0B2B49C-27EF-415B-80FE-80D6F79F9760}.Release|x86.ActiveCfg = Release|Win32
		{F0B2B49C-27EF-415B-80FE-80D6F79F9760}.Release|x86.Build.0 = Release|Win32
	EndGlobalSection
	GlobalSection(SolutionProperties) = preSolution
		HideSolutionNode = FALSE
	EndGlobalSection
	GlobalSection(ExtensibilityGlobals) = postSolution
		SolutionGuid = {31516912-A4E7-4359-8006-3FCFE9CAAD00}
	EndGlobalSection
EndGlobal
